{
    "_readme": [
        "This file locks the dependencies of your project to a known state",
        "Read more about it at https://getcomposer.org/doc/01-basic-usage.md#installing-dependencies",
        "This file is @generated automatically"
    ],
    "content-hash": "500992f44dd454e24468dcf1703dfe92",
    "packages": [],
    "packages-dev": [
        {
            "name": "dragonmantank/cron-expression",
            "version": "v3.4.0",
            "source": {
                "type": "git",
                "url": "https://github.com/dragonmantank/cron-expression.git",
                "reference": "8c784d071debd117328803d86b2097615b457500"
            },
            "dist": {
                "type": "zip",
                "url": "https://api.github.com/repos/dragonmantank/cron-expression/zipball/8c784d071debd117328803d86b2097615b457500",
                "reference": "8c784d071debd117328803d86b2097615b457500",
                "shasum": ""
            },
            "require": {
                "php": "^7.2|^8.0",
                "webmozart/assert": "^1.0"
            },
            "replace": {
                "mtdowling/cron-expression": "^1.0"
            },
            "require-dev": {
                "phpstan/extension-installer": "^1.0",
                "phpstan/phpstan": "^1.0",
                "phpunit/phpunit": "^7.0|^8.0|^9.0"
            },
            "type": "library",
            "extra": {
                "branch-alias": {
                    "dev-master": "3.x-dev"
                }
            },
            "autoload": {
                "psr-4": {
                    "Cron\\": "src/Cron/"
                }
            },
            "notification-url": "https://packagist.org/downloads/",
            "license": [
                "MIT"
            ],
            "authors": [
                {
                    "name": "Chris Tankersley",
                    "email": "chris@ctankersley.com",
                    "homepage": "https://github.com/dragonmantank"
                }
            ],
            "description": "CRON for PHP: Calculate the next or previous run date and determine if a CRON expression is due",
            "keywords": [
                "cron",
                "schedule"
            ],
            "support": {
                "issues": "https://github.com/dragonmantank/cron-expression/issues",
                "source": "https://github.com/dragonmantank/cron-expression/tree/v3.4.0"
            },
            "funding": [
                {
                    "url": "https://github.com/dragonmantank",
                    "type": "github"
                }
            ],
            "time": "2024-10-09T13:47:03+00:00"
        },
        {
            "name": "phpstan/phpstan",
            "version": "2.2.16",
            "dist": {
                "type": "zip",
                "url": "https://api.github.com/repos/phpstan/phpstan/zipball/46a6d9060e5a7763adfcc21ebcb8b504ebdbcb92",
                "reference": "46a6d9060e5a7763adfcc21ebcb8b504ebdbcb92",
                "shasum": ""
            },
            "require": {
                "php": "^7.4|^8.0"
            },
            "conflict": {
                "phpstan/phpstan-shim": "*"
            },
            "bin": [
                "phpstan",
                "phpstan.phar"
            ],
            "type": "library",
            "autoload": {
                "files": [
                    "bootstrap.php"
                ]
            },
            "notification-url": "https://packagist.org/downloads/",
            "license": [
                "MIT"
            ],
            "authors": [
                {
                    "name": "Ondřej Mirtes"
                },
                {
                    "name": "Markus Staab"
                },
                {
                    "name": "Vincent Langlet"
                }
            ],
            "description": "PHPStan - PHP Static Analysis Tool",
            "keywords": [
                "dev",
                "static analysis"
            ],
            "support": {
                "docs": "https://phpstan.org/user-guide/getting-started",
                "forum": "https://github.com/phpstan/phpstan/discussions",
                "issues": "https://github.com/phpstan/phpstan/issues",
                "security": "https://github.com/phpstan/phpstan/security/policy",
                "source": "https://github.com/phpstan/phpstan-src"
            },
            "funding": [
                {
                    "url": "https://github.com/ondrejmirtes",
                    "type": "github"
                },
                {
                    "url": "https://github.com/phpstan",
                    "type": "github"
                }
            ],
            "time": "2026-09-25T09:31:51+00:00"
        },
        {
            "name": "psr/log",
            "version": "3.0.2",
            "source": {
                "type": "git",
                "url": "https://github.com/php-fig/log.git",
                "reference": "f16e1d5863e37f8d8c2a01719f5b34baa2b714d3"
            },
            "dist": {
                "type": "zip",
                "url": "https://api.github.com/repos/php-fig/log/zipball/f16e1d5863e37f8d8c2a01719f5b34baa2b714d3",
                "reference": "f16e1d5863e37f8d8c2a01719f5b34baa2b714d3",
                "shasum": ""
            },
            "require": {
                "php": ">=8.0.0"
            },
            "type": "library",
            "extra": {
                "branch-alias": {
                    "dev-master": "3.x-dev"
                }
            },
            "autoload": {
                "psr-4": {
                    "Psr\\Log\\": "src"
                }
            },
            "notification-url": "https://packagist.org/downloads/",
            "license": [
                "MIT"
            ],
            "authors": [
                {
                    "name": "PHP-FIG",
                    "homepage": "https://www.php-fig.org/"
                }
            ],
            "description": "Common interface for logging libraries",
            "homepage": "https://github.com/php-fig/log",
            "keywords": [
                "log",
                "psr",
                "psr-3"
            ],
            "support": {
                "source": "https://github.com/php-fig/log/tree/3.0.2"
            },
            "time": "2024-09-11T13:17:53+00:00"
        },
        {
            "name": "spatie/image",
            "version": "3.8.4",
            "source": {
                "type": "git",
                "url": "https://github.com/spatie/image.git",
                "reference": "df315a480113081c5c27958bee9bf3f97f36fe76"
            },
            "dist": {
                "type": "zip",
                "url": "https://api.github.com/repos/spatie/image/zipball/df315a480113081c5c27958bee9bf3f97f36fe76",
                "reference": "df315a480113081c5c27958bee9bf3f97f36fe76",
                "shasum": ""
            },
            "require": {
                "ext-exif": "*",
                "ext-json": "*",
                "ext-mbstring": "*",
                "php": "^8.2",
                "spatie/image-optimizer": "^1.7.5",
                "spatie/temporary-directory": "^2.2",
                "symfony/process": "^6.4|^7.0"
            },
            "require-dev": {
                "ext-gd": "*",
                "ext-imagick": "*",
                "laravel/sail": "^1.34",
                "pestphp/pest": "^2.28",
                "phpstan/phpstan": "^1.10.50",
                "spatie/pest-plugin-snapshots": "^2.1",
                "spatie/pixelmatch-php": "^1.0",
                "spatie/ray": "^1.40.1",
                "symfony/var-dumper": "^6.4|7.0"
            },
            "type": "library",
            "autoload": {
                "psr-4": {
                    "Spatie\\Image\\": "src"
                }
            },
            "notification-url": "https://packagist.org/downloads/",
            "license": [
                "MIT"
            ],
            "authors": [
                {
                    "name": "Freek Van der Herten",
                    "email": "freek@spatie.be",
                    "homepage": "https://spatie.be",
                    "role": "Developer"
                }
            ],
            "description": "Manipulate images with an expressive API",
            "homepage": "https://github.com/spatie/image",
            "keywords": [
                "image",
                "spatie"
            ],
            "support": {
                "source": "https://github.com/spatie/image/tree/3.8.4"
            },
            "funding": [
                {
                    "url": "https://spatie.be/open-source/support-us",
                    "type": "custom"
                },
                {
                    "url": "https://github.com/spatie",
                    "type": "github"
                }
            ],
            "time": "2025-06-04T08:18:18+00:00"
        },
        {
            "name": "spatie/image-optimizer",
            "version": "1.8.0",
            "source": {
                "type": "git",
                "url": "https://github.com/spatie/image-optimizer.git",
                "reference": "4fd22035e81d98fffced65a8c20d9ec4daa9671c"
            },
            "dist": {
                "type": "zip",
                "url": "https://api.github.com/repos/spatie/image-optimizer/zipball/4fd22035e81d98fffced65a8c20d9ec4daa9671c",
                "reference": "4fd22035e81d98fffced65a8c20d9ec4daa9671c",
                "shasum": ""
            },
            "require": {
                "ext-fileinfo": "*",
                "php": "^7.3|^8.0",
                "psr/log": "^1.0 | ^2.0 | ^3.0",
                "symfony/process": "^4.2|^5.0|^6.0|^7.0"
            },
            "require-dev": {
                "pestphp/pest": "^1.21",
                "phpunit/phpunit": "^8.5.21|^9.4.4",
                "symfony/var-dumper": "^4.2|^5.0|^6.0|^7.0"
            },
            "type": "library",
            "autoload": {
                "psr-4": {
                    "Spatie\\ImageOptimizer\\": "src"
                }
            },
            "notification-url": "https://packagist.org/downloads/",
            "license": [
                "MIT"
            ],
            "authors": [
                {
                    "name": "Freek Van der Herten",
                    "email": "freek@spatie.be",
                    "homepage": "https://spatie.be",
                    "role": "Developer"
                }
            ],
            "description": "Easily optimize images using PHP",
            "homepage": "https://github.com/spatie/image-optimizer",
            "keywords": [
                "image-optimizer",
                "spatie"
            ],
            "support": {
                "issues": "https://github.com/spatie/image-optimizer/issues",
                "source": "https://github.com/spatie/image-optimizer/tree/1.8.0"
            },
            "time": "2024-11-04T08:24:54+00:00"
        },
        {
            "name": "spatie/temporary-directory",
            "version": "2.3.0",
            "source": {
                "type": "git",
                "url": "https://github.com/spatie/temporary-directory.git",
                "reference": "580eddfe9a0a41a902cac6eeb8f066b42e65a32b"
            },
            "dist": {
                "type": "zip",
                "url": "https://api.github.com/repos/spatie/temporary-directory/zipball/580eddfe9a0a41a902cac6eeb8f066b42e65a32b",
                "reference": "580eddfe9a0a41a902cac6eeb8f066b42e65a32b",
                "shasum": ""
            },
            "require": {
                "php": "^8.0"
            },
            "require-dev": {
                "phpunit/phpunit": "^9.5"
            },
            "type": "library",
            "autoload": {
                "psr-4": {
                    "Spatie\\TemporaryDirectory\\": "src"
                }
            },
            "notification-url": "https://packagist.org/downloads/",
            "license": [
                "MIT"
            ],
            "authors": [
                {
                    "name": "Alex Vanderbist",
                    "email": "alex@spatie.be",
                    "homepage": "https://spatie.be",
                    "role": "Developer"
                }
            ],
            "description": "Easily create, use and destroy temporary directories",
            "homepage": "https://github.com/spatie/temporary-directory",
            "keywords": [
                "php",
                "spatie",
                "temporary-directory"
            ],
            "support": {
                "issues": "https://github.com/spatie/temporary-directory/issues",
                "source": "https://github.com/spatie/temporary-directory/tree/2.3.0"
            },
            "funding": [
                {
                    "url": "https://spatie.be/open-source/support-us",
                    "type": "custom"
                },
                {
                    "url": "https://github.com/spatie",
                    "type": "github"
                }
            ],
            "time": "2025-01-13T13:04:43+00:00"
        },
        {
            "name": "squizlabs/php_codesniffer",
            "version": "4.0.4",
            "source": {
                "type": "git",
                "url": "https://github.com/PHPCSStandards/PHP_CodeSniffer.git",
                "reference": "bbdc3d0532623e21838b7041a4364383a8126f96"
            },
            "dist": {
                "type": "zip",
                "url": "https://api.github.com/repos/PHPCSStandards/PHP_CodeSniffer/zipball/bbdc3d0532623e21838b7041a4364383a8126f96",
                "reference": "bbdc3d0532623e21838b7041a4364383a8126f96",
                "shasum": ""
            },
            "require": {
                "ext-libxml": "*",
                "ext-simplexml": "*",
                "ext-tokenizer": "*",
                "ext-xmlwriter": "*",
                "php": ">=7.2.0"
            },
            "require-dev": {
                "phpunit/phpunit": "^8.4.0 || ^9.3.4 || ^10.5.32 || 11.3.3 - 11.5.28 || ^11.5.31"
            },
            "suggest": {
                "ext-iconv": "For accurate character length calculation when the checked files contain multi-byte characters.",
                "ext-pcntl": "For parallel processing support via the --parallel CLI option."
            },
            "bin": [
                "bin/phpcbf",
                "bin/phpcs"
            ],
            "type": "library",
            "notification-url": "https://packagist.org/downloads/",
            "license": [
                "BSD-3-Clause"
            ],
            "authors": [
                {
                    "name": "Greg Sherwood",
                    "role": "Former lead"
                },
                {
                    "name": "Juliette Reinders Folmer",
                    "role": "Current lead"
                },
                {
                    "name": "Contributors",
                    "homepage": "https://github.com/PHPCSStandards/PHP_CodeSniffer/graphs/contributors"
                }
            ],
            "description": "PHP_CodeSniffer tokenizes PHP files and detects violations of a defined set of coding standards.",
            "homepage": "https://github.com/PHPCSStandards/PHP_CodeSniffer",
            "keywords": [
                "phpcs",
                "standards",
                "static analysis"
            ],
            "support": {
                "issues": "https://github.com/PHPCSStandards/PHP_CodeSniffer/issues",
                "security": "https://github.com/PHPCSStandards/PHP_CodeSniffer/security/policy",
                "source": "https://github.com/PHPCSStandards/PHP_CodeSniffer",
                "wiki": "https://github.com/PHPCSStandards/PHP_CodeSniffer/wiki"
            },
            "funding": [
                {
                    "url": "https://github.com/PHPCSStandards",
                    "type": "github"
                },
                {
                    "url": "https://github.com/jrfnl",
                    "type": "github"
                },
                {
                    "url": "https://opencollective.com/php_codesniffer",
                    "type": "open_collective"
                },
                {
                    "url": "https://thanks.dev/u/gh/phpcsstandards",
                    "type": "thanks_dev"
                }
            ],
            "time": "2026-08-06T02:45:27+00:00"
        },
        {
            "name": "symfony/process",
            "version": "v7.4.19",
            "source": {
                "type": "git",
                "url": "https://github.com/symfony/process.git",
                "reference": "ed0ae095b86994d370d5791612e55984f15aa30e"
            },
            "dist": {
                "type": "zip",
                "url": "https://api.github.com/repos/symfony/process/zipball/ed0ae095b86994d370d5791612e55984f15aa30e",
                "reference": "ed0ae095b86994d370d5791612e55984f15aa30e",
                "shasum": ""
            },
            "require": {
                "php": ">=8.2"
            },
            "type": "library",
            "autoload": {
                "psr-4": {
                    "Symfony\\Component\\Process\\": ""
                },
                "exclude-from-classmap": [
                    "/Tests/"
                ]
            },
            "notification-url": "https://packagist.org/downloads/",
            "license": [
                "MIT"
            ],
            "authors": [
                {
                    "name": "Fabien Potencier",
                    "email": "fabien@symfony.com"
                },
                {
                    "name": "Symfony Community",
                    "homepage": "https://symfony.com/contributors"
                }
            ],
            "description": "Executes commands in sub-processes",
            "homepage": "https://symfony.com",
            "support": {
                "source": "https://github.com/symfony/process/tree/v7.4.19"
            },
            "funding": [
                {
                    "url": "https://symfony.com/sponsor",
                    "type": "custom"
                },
                {
                    "url": "https://github.com/fabpot",
                    "type": "github"
                },
                {
                    "url": "https://github.com/nicolas-grekas",
                    "type": "github"
                },
                {
                    "url": "https://tidelift.com/funding/github/packagist/symfony/symfony",
                    "type": "tidelift"
                }
            ],
            "time": "2026-09-02T12:38:34+00:00"
        },
        {
            "name": "webmozart/assert",
            "version": "1.11.0",
            "source": {
                "type": "git",
                "url": "https://github.com/webmozarts/assert.git",
                "reference": "11cb2199493b2f8a3b53e7f19068fc6aac760991"
            },
            "dist": {
                "type": "zip",
                "url": "https://api.github.com/repos/webmozarts/assert/zipball/11cb2199493b2f8a3b53e7f19068fc6aac760991",
                "reference": "11cb2199493b2f8a3b53e7f19068fc6aac760991",
                "shasum": ""
            },
            "require": {
                "ext-ctype": "*",
                "php": "^7.2 || ^8.0"
            },
            "conflict": {
                "phpstan/phpstan": "<0.12.20",
                "vimeo/psalm": "<4.6.1 || 4.6.2"
            },
            "require-dev": {
                "phpunit/phpunit": "^8.5.13"
            },
            "type": "library",
            "extra": {
                "branch-alias": {
                    "dev-master": "1.10-dev"
                }
            },
            "autoload": {
                "psr-4": {
                    "Webmozart\\Assert\\": "src/"
                }
            },
            "notification-url": "https://packagist.org/downloads/",
            "license": [
                "MIT"
            ],
            "authors": [
                {
                    "name": "Bernhard Schussek",
                    "email": "bschussek@gmail.com"
                }
            ],
            "description": "Assertions to validate method input/output with nice error messages.",
            "keywords": [
                "assert",
                "check",
                "validate"
            ],
            "support": {
                "issues": "https://github.com/webmozarts/assert/issues",
                "source": "https://github.com/webmozarts/assert/tree/1.11.0"
            },
            "time": "2022-06-03T18:03:27+00:00"
        }
    ],
    "aliases": [],
    "minimum-stability": "stable",
    "stability-flags": {},
    "prefer-stable": false,
    "prefer-lowest": false,
    "platform": {
        "php": ">=8.4",
        "ext-pdo": "*",
        "ext-fileinfo": "*",
        "ext-curl": "*",
        "ext-intl": "*",
        "ext-iconv": "*",
        "ext-openssl": "*",
        "ext-zlib": "*",
        "ext-zip": "*",
        "ext-bcmath": "*"
    },
    "platform-dev": {},
    "plugin-api-version": "2.9.0"
}
